{
  "nodes": {
    "devenv": {
      "locked": {
        "dir": "src/modules",
        "lastModified": 1786716869,
        "narHash": "sha256-9h444mp8VVq6jMqSL85uUJgQADFEeWyt8bdBakLvwUQ=",
        "owner": "cachix",
        "repo": "devenv",
        "rev": "694a8d5b61520a2a546c89fa5966396cebd6b99e",
        "type": "github"
      },
      "original": {
        "dir": "src/modules",
        "owner": "cachix",
        "repo": "devenv",
        "type": "github"
      }
    },
    "devenv-extras": {
      "flake": false,
      "locked": {
        "lastModified": 1782201780,
        "narHash": "sha256-cOJZOS+umaCEfKekbiFDjw4VfLPHSkrnnjwCQrlEM90=",
        "owner": "KeithMarcusXIII",
        "repo": "devenv-extras",
        "rev": "f5fe89dada76b8915a0c8d302b67a698b9c9197e",
        "type": "github"
      },
      "original": {
        "owner": "KeithMarcusXIII",
        "repo": "devenv-extras",
        "type": "github"
      }
    },
    "nixpkgs": {
      "locked": {
        "lastModified": 1786593342,
        "narHash": "sha256-smTKQXMLLStzc8zJevMCckbk3My7SvbbLmPYZUJJKW4=",
        "owner": "NixOS",
        "repo": "nixpkgs",
        "rev": "6b5e5b7a6631f065bf6908986990b37d845f847f",
        "type": "github"
      },
      "original": {
        "owner": "NixOS",
        "ref": "nixpkgs-unstable",
        "repo": "nixpkgs",
        "type": "github"
      }
    },
    "root": {
      "inputs": {
        "devenv": "devenv",
        "devenv-extras": "devenv-extras",
        "nixpkgs": "nixpkgs"
      }
    }
  },
  "root": "root",
  "version": 7
}